
Microsoft Visual Studio Solution File, Format Version 12.00
# Visual Studio Version 17
VisualStudioVersion = 17.13.35806.99
MinimumVisualStudioVersion = 10.0.40219.1
Project("{9A19103F-16F7-4668-BE54-9A1E7A4F7556}") = "EShopService", "EShopService\EShopService.csproj", "{91F81F87-AF68-44A9-9614-295C7FC0515E}"
EndProject
Project("{9A19103F-16F7-4668-BE54-9A1E7A4F7556}") = "EShop.Application", "EShop.Application\EShop.Application.csproj", "{7A7C6827-D8C8-4B16-BF05-26ADD09186E0}"
EndProject
Project("{FAE04EC0-301F-11D3-BF4B-00C04F79EFBC}") = "EShop.Domain", "EShop.Domain\EShop.Domain.csproj", "{A35EDB7C-273E-41B5-9962-B5251A12B84E}"
EndProject
Project("{E53339B2-1760-4266-BCC7-CA923CBCF16C}") = "docker-compose", "docker-compose.dcproj", "{81DDED9D-158B-E303-5F62-77A2896D2A5A}"
EndProject
Project("{2150E333-8FDC-42A3-9474-1A3956D46DE8}") = "EShop", "EShop", "{43988081-8370-499C-AA63-57A5C60351D7}"
EndProject
Project("{2150E333-8FDC-42A3-9474-1A3956D46DE8}") = "User", "User", "{25DCA3C6-C4CF-4DB1-AAC1-EE669EC90A09}"
EndProject
Project("{FAE04EC0-301F-11D3-BF4B-00C04F79EFBC}") = "User.Application", "User.Application\User.Application.csproj", "{8C6201C7-A00F-1A9E-CE73-E5B4501CF123}"
EndProject
Project("{2150E333-8FDC-42A3-9474-1A3956D46DE8}") = "Tests", "Tests", "{02EA681E-C7D8-13C7-8484-4AC65E1B71E8}"
EndProject
Project("{FAE04EC0-301F-11D3-BF4B-00C04F79EFBC}") = "User.Domain", "User.Domain\User.Domain.csproj", "{C5689DD3-A651-7957-B320-292600E26DDA}"
EndProject
Project("{FAE04EC0-301F-11D3-BF4B-00C04F79EFBC}") = "UserService", "UserService\UserService.csproj", "{F8832160-6E8A-C1E0-17C8-08A5783EBD52}"
EndProject
Project("{2150E333-8FDC-42A3-9474-1A3956D46DE8}") = "Tests", "Tests", "{31602917-A6C0-40E8-9000-1076D195C154}"
EndProject
Project("{FAE04EC0-301F-11D3-BF4B-00C04F79EFBC}") = "User.Application.Tests", "User.Application.Tests\User.Application.Tests.csproj", "{A1891708-357A-473C-AB29-1694D18EB436}"
EndProject
Project("{FAE04EC0-301F-11D3-BF4B-00C04F79EFBC}") = "User.Domain.Tests", "User.Domain.Tests\User.Domain.Tests.csproj", "{0C27FB97-9D66-430A-A13A-111E48B0BAA9}"
EndProject
Project("{2150E333-8FDC-42A3-9474-1A3956D46DE8}") = "Notification", "Notification", "{CFF98F12-AC99-4B4E-8463-77714D19C562}"
EndProject
Project("{FAE04EC0-301F-11D3-BF4B-00C04F79EFBC}") = "NotificationService", "NotificationService\NotificationService.csproj", "{B59E8F6F-D8E0-4F14-ABDF-E6CE343DE00C}"
EndProject
Project("{2150E333-8FDC-42A3-9474-1A3956D46DE8}") = "ShoppingCart", "ShoppingCart", "{AAD397F9-7402-43C2-BB15-8EAE0503C654}"
EndProject
Project("{FAE04EC0-301F-11D3-BF4B-00C04F79EFBC}") = "EShop.Application.Tests", "EShop.Application.Tests\EShop.Application.Tests.csproj", "{F3C483D2-67BD-8477-9CD7-233D66E1EB2C}"
EndProject
Project("{FAE04EC0-301F-11D3-BF4B-00C04F79EFBC}") = "EShop.Domain.Tests", "EShop.Domain.Tests\EShop.Domain.Tests.csproj", "{8B7380F9-3341-9FEC-7B6C-3CA9A172741E}"
EndProject
Project("{FAE04EC0-301F-11D3-BF4B-00C04F79EFBC}") = "EShopService.IntegrationTests", "EShopService.IntegrationTests\EShopService.IntegrationTests.csproj", "{872A405D-783C-DDA8-2846-361CA807A8D6}"
EndProject
Project("{FAE04EC0-301F-11D3-BF4B-00C04F79EFBC}") = "EShopService.Tests", "EShopService.Tests\EShopService.Tests.csproj", "{CF52D5E3-8EBA-AE7A-BE5C-21F12037C20B}"
EndProject
Project("{FAE04EC0-301F-11D3-BF4B-00C04F79EFBC}") = "ShoppingCart", "ShoppingCart\ShoppingCart.csproj", "{6A0F207A-8CE3-E131-5995-8647ED7C26AC}"
EndProject
Project("{FAE04EC0-301F-11D3-BF4B-00C04F79EFBC}") = "ShoppingCart.Domain", "ShoppingCart.Domain\ShoppingCart.Domain.csproj", "{2C670CA4-5C73-EBA4-09F5-763B22768762}"
EndProject
Project("{FAE04EC0-301F-11D3-BF4B-00C04F79EFBC}") = "ShoppingCart.Infrastructure", "ShoppingCart.Infrastructure\ShoppingCart.Infrastructure.csproj", "{825AAA56-215E-4460-9A86-BAF3CCFD5244}"
EndProject
Project("{FAE04EC0-301F-11D3-BF4B-00C04F79EFBC}") = "ShoppingCart.Application", "ShoppingCart.Application\ShoppingCart.Application.csproj", "{6575087C-CED1-4EAA-96AD-64A90F55CCE2}"
EndProject
Global
	GlobalSection(SolutionConfigurationPlatforms) = preSolution
		Debug|Any CPU = Debug|Any CPU
		Release|Any CPU = Release|Any CPU
	EndGlobalSection
	GlobalSection(ProjectConfigurationPlatforms) = postSolution
		{91F81F87-AF68-44A9-9614-295C7FC0515E}.Debug|Any CPU.ActiveCfg = Debug|Any CPU
		{91F81F87-AF68-44A9-9614-295C7FC0515E}.Debug|Any CPU.Build.0 = Debug|Any CPU
		{91F81F87-AF68-44A9-9614-295C7FC0515E}.Release|Any CPU.ActiveCfg = Release|Any CPU
		{91F81F87-AF68-44A9-9614-295C7FC0515E}.Release|Any CPU.Build.0 = Release|Any CPU
		{7A7C6827-D8C8-4B16-BF05-26ADD09186E0}.Debug|Any CPU.ActiveCfg = Debug|Any CPU
		{7A7C6827-D8C8-4B16-BF05-26ADD09186E0}.Debug|Any CPU.Build.0 = Debug|Any CPU
		{7A7C6827-D8C8-4B16-BF05-26ADD09186E0}.Release|Any CPU.ActiveCfg = Release|Any CPU
		{7A7C6827-D8C8-4B16-BF05-26ADD09186E0}.Release|Any CPU.Build.0 = Release|Any CPU
		{A35EDB7C-273E-41B5-9962-B5251A12B84E}.Debug|Any CPU.ActiveCfg = Debug|Any CPU
		{A35EDB7C-273E-41B5-9962-B5251A12B84E}.Debug|Any CPU.Build.0 = Debug|Any CPU
		{A35EDB7C-273E-41B5-9962-B5251A12B84E}.Release|Any CPU.ActiveCfg = Release|Any CPU
		{A35EDB7C-273E-41B5-9962-B5251A12B84E}.Release|Any CPU.Build.0 = Release|Any CPU
		{81DDED9D-158B-E303-5F62-77A2896D2A5A}.Debug|Any CPU.ActiveCfg = Debug|Any CPU
		{81DDED9D-158B-E303-5F62-77A2896D2A5A}.Debug|Any CPU.Build.0 = Debug|Any CPU
		{81DDED9D-158B-E303-5F62-77A2896D2A5A}.Release|Any CPU.ActiveCfg = Release|Any CPU
		{81DDED9D-158B-E303-5F62-77A2896D2A5A}.Release|Any CPU.Build.0 = Release|Any CPU
		{8C6201C7-A00F-1A9E-CE73-E5B4501CF123}.Debug|Any CPU.ActiveCfg = Debug|Any CPU
		{8C6201C7-A00F-1A9E-CE73-E5B4501CF123}.Debug|Any CPU.Build.0 = Debug|Any CPU
		{8C6201C7-A00F-1A9E-CE73-E5B4501CF123}.Release|Any CPU.ActiveCfg = Release|Any CPU
		{8C6201C7-A00F-1A9E-CE73-E5B4501CF123}.Release|Any CPU.Build.0 = Release|Any CPU
		{C5689DD3-A651-7957-B320-292600E26DDA}.Debug|Any CPU.ActiveCfg = Debug|Any CPU
		{C5689DD3-A651-7957-B320-292600E26DDA}.Debug|Any CPU.Build.0 = Debug|Any CPU
		{C5689DD3-A651-7957-B320-292600E26DDA}.Release|Any CPU.ActiveCfg = Release|Any CPU
		{C5689DD3-A651-7957-B320-292600E26DDA}.Release|Any CPU.Build.0 = Release|Any CPU
		{F8832160-6E8A-C1E0-17C8-08A5783EBD52}.Debug|Any CPU.ActiveCfg = Debug|Any CPU
		{F8832160-6E8A-C1E0-17C8-08A5783EBD52}.Debug|Any CPU.Build.0 = Debug|Any CPU
		{F8832160-6E8A-C1E0-17C8-08A5783EBD52}.Release|Any CPU.ActiveCfg = Release|Any CPU
		{F8832160-6E8A-C1E0-17C8-08A5783EBD52}.Release|Any CPU.Build.0 = Release|Any CPU
		{A1891708-357A-473C-AB29-1694D18EB436}.Debug|Any CPU.ActiveCfg = Debug|Any CPU
		{A1891708-357A-473C-AB29-1694D18EB436}.Debug|Any CPU.Build.0 = Debug|Any CPU
		{A1891708-357A-473C-AB29-1694D18EB436}.Release|Any CPU.ActiveCfg = Release|Any CPU
		{A1891708-357A-473C-AB29-1694D18EB436}.Release|Any CPU.Build.0 = Release|Any CPU
		{0C27FB97-9D66-430A-A13A-111E48B0BAA9}.Debug|Any CPU.ActiveCfg = Debug|Any CPU
		{0C27FB97-9D66-430A-A13A-111E48B0BAA9}.Debug|Any CPU.Build.0 = Debug|Any CPU
		{0C27FB97-9D66-430A-A13A-111E48B0BAA9}.Release|Any CPU.ActiveCfg = Release|Any CPU
		{0C27FB97-9D66-430A-A13A-111E48B0BAA9}.Release|Any CPU.Build.0 = Release|Any CPU
		{B59E8F6F-D8E0-4F14-ABDF-E6CE343DE00C}.Debug|Any CPU.ActiveCfg = Debug|Any CPU
		{B59E8F6F-D8E0-4F14-ABDF-E6CE343DE00C}.Debug|Any CPU.Build.0 = Debug|Any CPU
		{B59E8F6F-D8E0-4F14-ABDF-E6CE343DE00C}.Release|Any CPU.ActiveCfg = Release|Any CPU
		{B59E8F6F-D8E0-4F14-ABDF-E6CE343DE00C}.Release|Any CPU.Build.0 = Release|Any CPU
		{F3C483D2-67BD-8477-9CD7-233D66E1EB2C}.Debug|Any CPU.ActiveCfg = Debug|Any CPU
		{F3C483D2-67BD-8477-9CD7-233D66E1EB2C}.Debug|Any CPU.Build.0 = Debug|Any CPU
		{F3C483D2-67BD-8477-9CD7-233D66E1EB2C}.Release|Any CPU.ActiveCfg = Release|Any CPU
		{F3C483D2-67BD-8477-9CD7-233D66E1EB2C}.Release|Any CPU.Build.0 = Release|Any CPU
		{8B7380F9-3341-9FEC-7B6C-3CA9A172741E}.Debug|Any CPU.ActiveCfg = Debug|Any CPU
		{8B7380F9-3341-9FEC-7B6C-3CA9A172741E}.Debug|Any CPU.Build.0 = Debug|Any CPU
		{8B7380F9-3341-9FEC-7B6C-3CA9A172741E}.Release|Any CPU.ActiveCfg = Release|Any CPU
		{8B7380F9-3341-9FEC-7B6C-3CA9A172741E}.Release|Any CPU.Build.0 = Release|Any CPU
		{872A405D-783C-DDA8-2846-361CA807A8D6}.Debug|Any CPU.ActiveCfg = Debug|Any CPU
		{872A405D-783C-DDA8-2846-361CA807A8D6}.Debug|Any CPU.Build.0 = Debug|Any CPU
		{872A405D-783C-DDA8-2846-361CA807A8D6}.Release|Any CPU.ActiveCfg = Release|Any CPU
		{872A405D-783C-DDA8-2846-361CA807A8D6}.Release|Any CPU.Build.0 = Release|Any CPU
		{CF52D5E3-8EBA-AE7A-BE5C-21F12037C20B}.Debug|Any CPU.ActiveCfg = Debug|Any CPU
		{CF52D5E3-8EBA-AE7A-BE5C-21F12037C20B}.Debug|Any CPU.Build.0 = Debug|Any CPU
		{CF52D5E3-8EBA-AE7A-BE5C-21F12037C20B}.Release|Any CPU.ActiveCfg = Release|Any CPU
		{CF52D5E3-8EBA-AE7A-BE5C-21F12037C20B}.Release|Any CPU.Build.0 = Release|Any CPU
		{6A0F207A-8CE3-E131-5995-8647ED7C26AC}.Debug|Any CPU.ActiveCfg = Debug|Any CPU
		{6A0F207A-8CE3-E131-5995-8647ED7C26AC}.Debug|Any CPU.Build.0 = Debug|Any CPU
		{6A0F207A-8CE3-E131-5995-8647ED7C26AC}.Release|Any CPU.ActiveCfg = Release|Any CPU
		{6A0F207A-8CE3-E131-5995-8647ED7C26AC}.Release|Any CPU.Build.0 = Release|Any CPU
		{2C670CA4-5C73-EBA4-09F5-763B22768762}.Debug|Any CPU.ActiveCfg = Debug|Any CPU
		{2C670CA4-5C73-EBA4-09F5-763B22768762}.Debug|Any CPU.Build.0 = Debug|Any CPU
		{2C670CA4-5C73-EBA4-09F5-763B22768762}.Release|Any CPU.ActiveCfg = Release|Any CPU
		{2C670CA4-5C73-EBA4-09F5-763B22768762}.Release|Any CPU.Build.0 = Release|Any CPU
		{825AAA56-215E-4460-9A86-BAF3CCFD5244}.Debug|Any CPU.ActiveCfg = Debug|Any CPU
		{825AAA56-215E-4460-9A86-BAF3CCFD5244}.Debug|Any CPU.Build.0 = Debug|Any CPU
		{825AAA56-215E-4460-9A86-BAF3CCFD5244}.Release|Any CPU.ActiveCfg = Release|Any CPU
		{825AAA56-215E-4460-9A86-BAF3CCFD5244}.Release|Any CPU.Build.0 = Release|Any CPU
		{6575087C-CED1-4EAA-96AD-64A90F55CCE2}.Debug|Any CPU.ActiveCfg = Debug|Any CPU
		{6575087C-CED1-4EAA-96AD-64A90F55CCE2}.Debug|Any CPU.Build.0 = Debug|Any CPU
		{6575087C-CED1-4EAA-96AD-64A90F55CCE2}.Release|Any CPU.ActiveCfg = Release|Any CPU
		{6575087C-CED1-4EAA-96AD-64A90F55CCE2}.Release|Any CPU.Build.0 = Release|Any CPU
	EndGlobalSection
	GlobalSection(SolutionProperties) = preSolution
		HideSolutionNode = FALSE
	EndGlobalSection
	GlobalSection(NestedProjects) = preSolution
		{91F81F87-AF68-44A9-9614-295C7FC0515E} = {43988081-8370-499C-AA63-57A5C60351D7}
		{7A7C6827-D8C8-4B16-BF05-26ADD09186E0} = {43988081-8370-499C-AA63-57A5C60351D7}
		{A35EDB7C-273E-41B5-9962-B5251A12B84E} = {43988081-8370-499C-AA63-57A5C60351D7}
		{8C6201C7-A00F-1A9E-CE73-E5B4501CF123} = {25DCA3C6-C4CF-4DB1-AAC1-EE669EC90A09}
		{C5689DD3-A651-7957-B320-292600E26DDA} = {25DCA3C6-C4CF-4DB1-AAC1-EE669EC90A09}
		{F8832160-6E8A-C1E0-17C8-08A5783EBD52} = {25DCA3C6-C4CF-4DB1-AAC1-EE669EC90A09}
		{31602917-A6C0-40E8-9000-1076D195C154} = {25DCA3C6-C4CF-4DB1-AAC1-EE669EC90A09}
		{A1891708-357A-473C-AB29-1694D18EB436} = {31602917-A6C0-40E8-9000-1076D195C154}
		{0C27FB97-9D66-430A-A13A-111E48B0BAA9} = {31602917-A6C0-40E8-9000-1076D195C154}
		{B59E8F6F-D8E0-4F14-ABDF-E6CE343DE00C} = {CFF98F12-AC99-4B4E-8463-77714D19C562}
		{F3C483D2-67BD-8477-9CD7-233D66E1EB2C} = {02EA681E-C7D8-13C7-8484-4AC65E1B71E8}
		{8B7380F9-3341-9FEC-7B6C-3CA9A172741E} = {02EA681E-C7D8-13C7-8484-4AC65E1B71E8}
		{872A405D-783C-DDA8-2846-361CA807A8D6} = {02EA681E-C7D8-13C7-8484-4AC65E1B71E8}
		{CF52D5E3-8EBA-AE7A-BE5C-21F12037C20B} = {02EA681E-C7D8-13C7-8484-4AC65E1B71E8}
		{6A0F207A-8CE3-E131-5995-8647ED7C26AC} = {AAD397F9-7402-43C2-BB15-8EAE0503C654}
		{2C670CA4-5C73-EBA4-09F5-763B22768762} = {AAD397F9-7402-43C2-BB15-8EAE0503C654}
		{825AAA56-215E-4460-9A86-BAF3CCFD5244} = {AAD397F9-7402-43C2-BB15-8EAE0503C654}
		{6575087C-CED1-4EAA-96AD-64A90F55CCE2} = {AAD397F9-7402-43C2-BB15-8EAE0503C654}
	EndGlobalSection
	GlobalSection(ExtensibilityGlobals) = postSolution
		SolutionGuid = {233E5992-9E95-4D32-9DB9-747ADC5A4A0B}
	EndGlobalSection
EndGlobal
